
Microsoft Visual Studio Solution File, Format Version 12.00
# Visual Studio Version 17
VisualStudioVersion = 17.3.32825.248
MinimumVisualStudioVersion = 10.0.40219.1
Project("{2150E333-8FDC-42A3-9474-1A3956D46DE8}") = "Solution Items", "Solution Items", "{AD70FB87-4E0D-4513-83EB-C75A963117A0}"
	ProjectSection(SolutionItems) = preProject
		.editorconfig = .editorconfig
	EndProjectSection
EndProject
Project("{9A19103F-16F7-4668-BE54-9A1E7A4F7556}") = "DemoWebApi", "src\DemoWebApi\DemoWebApi.csproj", "{EDC68F68-DC3E-4291-8F8F-6C11C69BFAA3}"
EndProject
Global
	GlobalSection(SolutionConfigurationPlatforms) = preSolution
		Debug|Any CPU = Debug|Any CPU
		Release|Any CPU = Release|Any CPU
	EndGlobalSection
	GlobalSection(ProjectConfigurationPlatforms) = postSolution
		{EDC68F68-DC3E-4291-8F8F-6C11C69BFAA3}.Debug|Any CPU.ActiveCfg = Debug|Any CPU
		{EDC68F68-DC3E-4291-8F8F-6C11C69BFAA3}.Debug|Any CPU.Build.0 = Debug|Any CPU
		{EDC68F68-DC3E-4291-8F8F-6C11C69BFAA3}.Release|Any CPU.ActiveCfg = Release|Any CPU
		{EDC68F68-DC3E-4291-8F8F-6C11C69BFAA3}.Release|Any CPU.Build.0 = Release|Any CPU
	EndGlobalSection
	GlobalSection(SolutionProperties) = preSolution
		HideSolutionNode = FALSE
	EndGlobalSection
	GlobalSection(ExtensibilityGlobals) = postSolution
		SolutionGuid = {57E5F181-6EEC-4C38-BBA0-E43265747627}
	EndGlobalSection
EndGlobal
